# THIS IS AN AUTOGENERATED FILE. DO NOT EDIT THIS FILE DIRECTLY.
# yarn lockfile v1


esbuild@^0.9.0:
  version "0.9.0"
  resolved "https://registry.yarnpkg.com/esbuild/-/esbuild-0.9.0.tgz#b8320df85048ed1637c6b59ee52abba248936d3c"
  integrity sha512-IqYFO7ZKHf0y4uJpJfGqInmSRn8jMPMbyI1W0Y2PSjSjJcVP538tC8TleJAS4Y8QeqwajqBTwFKayWVzYlMIgg==
